
Microsoft Visual Studio Solution File, Format Version 12.00
# Visual Studio 15
VisualStudioVersion = 15.0.28307.1684
MinimumVisualStudioVersion = 10.0.40219.1
Project("{FAE04EC0-301F-11D3-BF4B-00C04F79EFBC}") = "TurismoRealWeb", "TurismoRealWeb\TurismoRealWeb.csproj", "{2AC98F1A-417C-4132-A2E1-123DB06AC4DC}"
EndProject
Project("{FAE04EC0-301F-11D3-BF4B-00C04F79EFBC}") = "TurismoRealWeb.Negocio", "TurismoRealWeb.Negocio\TurismoRealWeb.Negocio.csproj", "{19D2C60F-5619-46A7-94C6-62AE73F0AB84}"
EndProject
Project("{FAE04EC0-301F-11D3-BF4B-00C04F79EFBC}") = "TurismoRealWeb.DALC", "TurismoRealWeb.DALC\TurismoRealWeb.DALC.csproj", "{4C94FE8A-1153-47A7-B9DE-5C935609DB3D}"
EndProject
Global
	GlobalSection(SolutionConfigurationPlatforms) = preSolution
		Debug|Any CPU = Debug|Any CPU
		Release|Any CPU = Release|Any CPU
	EndGlobalSection
	GlobalSection(ProjectConfigurationPlatforms) = postSolution
		{2AC98F1A-417C-4132-A2E1-123DB06AC4DC}.Debug|Any CPU.ActiveCfg = Debug|Any CPU
		{2AC98F1A-417C-4132-A2E1-123DB06AC4DC}.Debug|Any CPU.Build.0 = Debug|Any CPU
		{2AC98F1A-417C-4132-A2E1-123DB06AC4DC}.Release|Any CPU.ActiveCfg = Release|Any CPU
		{2AC98F1A-417C-4132-A2E1-123DB06AC4DC}.Release|Any CPU.Build.0 = Release|Any CPU
		{19D2C60F-5619-46A7-94C6-62AE73F0AB84}.Debug|Any CPU.ActiveCfg = Debug|Any CPU
		{19D2C60F-5619-46A7-94C6-62AE73F0AB84}.Debug|Any CPU.Build.0 = Debug|Any CPU
		{19D2C60F-5619-46A7-94C6-62AE73F0AB84}.Release|Any CPU.ActiveCfg = Release|Any CPU
		{19D2C60F-5619-46A7-94C6-62AE73F0AB84}.Release|Any CPU.Build.0 = Release|Any CPU
		{4C94FE8A-1153-47A7-B9DE-5C935609DB3D}.Debug|Any CPU.ActiveCfg = Debug|Any CPU
		{4C94FE8A-1153-47A7-B9DE-5C935609DB3D}.Debug|Any CPU.Build.0 = Debug|Any CPU
		{4C94FE8A-1153-47A7-B9DE-5C935609DB3D}.Release|Any CPU.ActiveCfg = Release|Any CPU
		{4C94FE8A-1153-47A7-B9DE-5C935609DB3D}.Release|Any CPU.Build.0 = Release|Any CPU
	EndGlobalSection
	GlobalSection(SolutionProperties) = preSolution
		HideSolutionNode = FALSE
	EndGlobalSection
	GlobalSection(ExtensibilityGlobals) = postSolution
		SolutionGuid = {9D4EB3A9-5A0C-4578-BD71-A61973B6C754}
	EndGlobalSection
EndGlobal
