
Microsoft Visual Studio Solution File, Format Version 12.00
# Visual Studio 15
VisualStudioVersion = 15.0.28307.1684
MinimumVisualStudioVersion = 10.0.40219.1
Project("{FAE04EC0-301F-11D3-BF4B-00C04F79EFBC}") = "TurismoReal", "TurismoReal\TurismoReal.csproj", "{010FEF7B-5B17-46B3-BEC7-8C0FC49251EA}"
EndProject
Project("{FAE04EC0-301F-11D3-BF4B-00C04F79EFBC}") = "TurismoReal.DALC", "TurismoReal.DALC\TurismoReal.DALC.csproj", "{3D8F6D5E-B253-4112-BBFE-A446BBC48703}"
EndProject
Project("{FAE04EC0-301F-11D3-BF4B-00C04F79EFBC}") = "TurismoReal.Negocio", "TurismoReal.Negocio\TurismoReal.Negocio.csproj", "{F126677A-F391-40A5-A147-B14408CF8D04}"
EndProject
Global
	GlobalSection(SolutionConfigurationPlatforms) = preSolution
		Debug|Any CPU = Debug|Any CPU
		Release|Any CPU = Release|Any CPU
	EndGlobalSection
	GlobalSection(ProjectConfigurationPlatforms) = postSolution
		{010FEF7B-5B17-46B3-BEC7-8C0FC49251EA}.Debug|Any CPU.ActiveCfg = Debug|Any CPU
		{010FEF7B-5B17-46B3-BEC7-8C0FC49251EA}.Debug|Any CPU.Build.0 = Debug|Any CPU
		{010FEF7B-5B17-46B3-BEC7-8C0FC49251EA}.Release|Any CPU.ActiveCfg = Release|Any CPU
		{010FEF7B-5B17-46B3-BEC7-8C0FC49251EA}.Release|Any CPU.Build.0 = Release|Any CPU
		{3D8F6D5E-B253-4112-BBFE-A446BBC48703}.Debug|Any CPU.ActiveCfg = Debug|Any CPU
		{3D8F6D5E-B253-4112-BBFE-A446BBC48703}.Debug|Any CPU.Build.0 = Debug|Any CPU
		{3D8F6D5E-B253-4112-BBFE-A446BBC48703}.Release|Any CPU.ActiveCfg = Release|Any CPU
		{3D8F6D5E-B253-4112-BBFE-A446BBC48703}.Release|Any CPU.Build.0 = Release|Any CPU
		{F126677A-F391-40A5-A147-B14408CF8D04}.Debug|Any CPU.ActiveCfg = Debug|Any CPU
		{F126677A-F391-40A5-A147-B14408CF8D04}.Debug|Any CPU.Build.0 = Debug|Any CPU
		{F126677A-F391-40A5-A147-B14408CF8D04}.Release|Any CPU.ActiveCfg = Release|Any CPU
		{F126677A-F391-40A5-A147-B14408CF8D04}.Release|Any CPU.Build.0 = Release|Any CPU
	EndGlobalSection
	GlobalSection(SolutionProperties) = preSolution
		HideSolutionNode = FALSE
	EndGlobalSection
	GlobalSection(ExtensibilityGlobals) = postSolution
		SolutionGuid = {B350C4F9-ECD1-477C-B7ED-CA1180A7A985}
	EndGlobalSection
EndGlobal
